
Microsoft Visual Studio Solution File, Format Version 12.00
# Visual Studio 15
VisualStudioVersion = 15.0.27703.2047
MinimumVisualStudioVersion = 10.0.40219.1
Project("{FAE04EC0-301F-11D3-BF4B-00C04F79EFBC}") = "Car Race Game", "Car Race Game\Car Race Game.csproj", "{7AC74256-77C3-43AF-B259-D71B1345BCBB}"
EndProject
Global
	GlobalSection(SolutionConfigurationPlatforms) = preSolution
		Debug|Any CPU = Debug|Any CPU
		Release|Any CPU = Release|Any CPU
	EndGlobalSection
	GlobalSection(ProjectConfigurationPlatforms) = postSolution
		{7AC74256-77C3-43AF-B259-D71B1345BCBB}.Debug|Any CPU.ActiveCfg = Debug|Any CPU
		{7AC74256-77C3-43AF-B259-D71B1345BCBB}.Debug|Any CPU.Build.0 = Debug|Any CPU
		{7AC74256-77C3-43AF-B259-D71B1345BCBB}.Release|Any CPU.ActiveCfg = Release|Any CPU
		{7AC74256-77C3-43AF-B259-D71B1345BCBB}.Release|Any CPU.Build.0 = Release|Any CPU
	EndGlobalSection
	GlobalSection(SolutionProperties) = preSolution
		HideSolutionNode = FALSE
	EndGlobalSection
	GlobalSection(ExtensibilityGlobals) = postSolution
		SolutionGuid = {DC002953-05E5-41C0-ADFD-86C8007C5F2C}
	EndGlobalSection
EndGlobal
